// !$*UTF8*$!
{
	archiveVersion = 1;
	classes = {
	};
	objectVersion = 50;
	objects = {

/* Begin PBXBuildFile section */
		DE09A1DA225DEB2C00E71E6C /* AppDelegate.swift in Sources */ = {isa = PBXBuildFile; fileRef = DE09A1D9225DEB2C00E71E6C /* AppDelegate.swift */; };
		DE09A1DC225DEB2C00E71E6C /* PlaygroundController.swift in Sources */ = {isa = PBXBuildFile; fileRef = DE09A1DB225DEB2C00E71E6C /* PlaygroundController.swift */; };
		DE09A1DF225DEB2C00E71E6C /* Main.storyboard in Resources */ = {isa = PBXBuildFile; fileRef = DE09A1DD225DEB2C00E71E6C /* Main.storyboard */; };
		DE09A1E1225DEB2D00E71E6C /* Assets.xcassets in Resources */ = {isa = PBXBuildFile; fileRef = DE09A1E0225DEB2D00E71E6C /* Assets.xcassets */; };
		DE09A1E4225DEB2D00E71E6C /* LaunchScreen.storyboard in Resources */ = {isa = PBXBuildFile; fileRef = DE09A1E2225DEB2D00E71E6C /* LaunchScreen.storyboard */; };
		DE39FFD72262711D006C64DB /* InputValidatorTextField.swift in Sources */ = {isa = PBXBuildFile; fileRef = DE39FFD62262711D006C64DB /* InputValidatorTextField.swift */; };
		DE39FFE022627201006C64DB /* StaticPlaceholderValidatorTextField.swift in Sources */ = {isa = PBXBuildFile; fileRef = DE39FFDF22627201006C64DB /* StaticPlaceholderValidatorTextField.swift */; };
		DE39FFEC22627306006C64DB /* UIColor+Hex.swift in Sources */ = {isa = PBXBuildFile; fileRef = DE39FFEB22627306006C64DB /* UIColor+Hex.swift */; };
		DE39FFEF226273D8006C64DB /* SidePanelTextField.swift in Sources */ = {isa = PBXBuildFile; fileRef = DE39FFEE226273D8006C64DB /* SidePanelTextField.swift */; };
		DE60B15B2261FB9700FC61DB /* LivePlaceholderTextField.swift in Sources */ = {isa = PBXBuildFile; fileRef = DE60B15A2261FB9700FC61DB /* LivePlaceholderTextField.swift */; };
		DE60B16822620B4300FC61DB /* Relay<T>.swift in Sources */ = {isa = PBXBuildFile; fileRef = DE60B16722620B4300FC61DB /* Relay<T>.swift */; };
		DE60B16A22620B5400FC61DB /* ClosureBox<T>.swift in Sources */ = {isa = PBXBuildFile; fileRef = DE60B16922620B5400FC61DB /* ClosureBox<T>.swift */; };
		DE60B16C22620B6400FC61DB /* EPTextField.swift in Sources */ = {isa = PBXBuildFile; fileRef = DE60B16B22620B6400FC61DB /* EPTextField.swift */; };
		DE60B16E22620B7200FC61DB /* StaticPlaceholderTextField.swift in Sources */ = {isa = PBXBuildFile; fileRef = DE60B16D22620B7200FC61DB /* StaticPlaceholderTextField.swift */; };
		DE60B17022620B8500FC61DB /* RightSidePanelView.swift in Sources */ = {isa = PBXBuildFile; fileRef = DE60B16F22620B8500FC61DB /* RightSidePanelView.swift */; };
		DE60B17222620B9800FC61DB /* Optional+Fallback.swift in Sources */ = {isa = PBXBuildFile; fileRef = DE60B17122620B9800FC61DB /* Optional+Fallback.swift */; };
		DE60B17422620BAE00FC61DB /* ColorPlaceholderTextField.swift in Sources */ = {isa = PBXBuildFile; fileRef = DE60B17322620BAE00FC61DB /* ColorPlaceholderTextField.swift */; };
		DE60B17622620BBE00FC61DB /* String+Validators.swift in Sources */ = {isa = PBXBuildFile; fileRef = DE60B17522620BBE00FC61DB /* String+Validators.swift */; };
		DE60B17822620BCE00FC61DB /* Array+Validators.swift in Sources */ = {isa = PBXBuildFile; fileRef = DE60B17722620BCE00FC61DB /* Array+Validators.swift */; };
		DE6B5E262277007300CE78B6 /* OpenSans Bold.ttf in Resources */ = {isa = PBXBuildFile; fileRef = DE6B5E1A2277007300CE78B6 /* OpenSans Bold.ttf */; };
		DE6B5E272277007300CE78B6 /* OpenSans SemiBold.ttf in Resources */ = {isa = PBXBuildFile; fileRef = DE6B5E1B2277007300CE78B6 /* OpenSans SemiBold.ttf */; };
		DE6B5E282277007300CE78B6 /* OpenSans Regular.ttf in Resources */ = {isa = PBXBuildFile; fileRef = DE6B5E1C2277007300CE78B6 /* OpenSans Regular.ttf */; };
		DE6B5E292277007300CE78B6 /* Core Sans AR Bold.ttf in Resources */ = {isa = PBXBuildFile; fileRef = DE6B5E1E2277007300CE78B6 /* Core Sans AR Bold.ttf */; };
		DE6B5E2A2277007300CE78B6 /* Core Sans AR Heavy.ttf in Resources */ = {isa = PBXBuildFile; fileRef = DE6B5E1F2277007300CE78B6 /* Core Sans AR Heavy.ttf */; };
		DE6B5E2B2277007300CE78B6 /* Core Sans AR Medium.ttf in Resources */ = {isa = PBXBuildFile; fileRef = DE6B5E202277007300CE78B6 /* Core Sans AR Medium.ttf */; };
		DE6B5E2C2277007300CE78B6 /* Core Sans AR Extra Bold.ttf in Resources */ = {isa = PBXBuildFile; fileRef = DE6B5E212277007300CE78B6 /* Core Sans AR Extra Bold.ttf */; };
		DE6B5E2D2277007300CE78B6 /* Montserrat SemiBold.ttf in Resources */ = {isa = PBXBuildFile; fileRef = DE6B5E232277007300CE78B6 /* Montserrat SemiBold.ttf */; };
		DE6B5E2E2277007300CE78B6 /* Montserrat Medium.ttf in Resources */ = {isa = PBXBuildFile; fileRef = DE6B5E242277007300CE78B6 /* Montserrat Medium.ttf */; };
		DE6B5E2F2277007300CE78B6 /* Montserrat SemiBold Italic.ttf in Resources */ = {isa = PBXBuildFile; fileRef = DE6B5E252277007300CE78B6 /* Montserrat SemiBold Italic.ttf */; };
		DE6B5E392277009900CE78B6 /* Const+Font.swift in Sources */ = {isa = PBXBuildFile; fileRef = DE6B5E382277009900CE78B6 /* Const+Font.swift */; };
		DED2DBA022781244000C2DD2 /* InteractivePopup.swift in Sources */ = {isa = PBXBuildFile; fileRef = DED2DB9F22781244000C2DD2 /* InteractivePopup.swift */; };
		DED2DBA522781279000C2DD2 /* Bool+Reverse.swift in Sources */ = {isa = PBXBuildFile; fileRef = DED2DBA422781279000C2DD2 /* Bool+Reverse.swift */; };
		DED2DBA8227812B2000C2DD2 /* UIEdgeInsets+Extension.swift in Sources */ = {isa = PBXBuildFile; fileRef = DED2DBA7227812B2000C2DD2 /* UIEdgeInsets+Extension.swift */; };
		DED2DBAA227812C7000C2DD2 /* String+Length.swift in Sources */ = {isa = PBXBuildFile; fileRef = DED2DBA9227812C7000C2DD2 /* String+Length.swift */; };
		DED2DBAD227812DC000C2DD2 /* UITextField+Caret.swift in Sources */ = {isa = PBXBuildFile; fileRef = DED2DBAC227812DC000C2DD2 /* UITextField+Caret.swift */; };
		DED2DBAF227812FD000C2DD2 /* String+Extension.swift in Sources */ = {isa = PBXBuildFile; fileRef = DED2DBAE227812FD000C2DD2 /* String+Extension.swift */; };
		DED978E4226221E700D306CA /* PlaygroundViewModel.swift in Sources */ = {isa = PBXBuildFile; fileRef = DED978E3226221E700D306CA /* PlaygroundViewModel.swift */; };
		DEE39E1C225E17200083406A /* Signal.swift in Sources */ = {isa = PBXBuildFile; fileRef = DEE39E1B225E17200083406A /* Signal.swift */; };
		DEE39E21225E17F80083406A /* InteractiveView.swift in Sources */ = {isa = PBXBuildFile; fileRef = DEE39E20225E17F80083406A /* InteractiveView.swift */; };
		DEE39E23225E18320083406A /* SelectableView.swift in Sources */ = {isa = PBXBuildFile; fileRef = DEE39E22225E18320083406A /* SelectableView.swift */; };
		DEE39E25225E1E540083406A /* RightSidePanelViewModel.swift in Sources */ = {isa = PBXBuildFile; fileRef = DEE39E24225E1E540083406A /* RightSidePanelViewModel.swift */; };
/* End PBXBuildFile section */

/* Begin PBXContainerItemProxy section */
		DE1DCB99225E2C7200170DDD /* PBXContainerItemProxy */ = {
			isa = PBXContainerItemProxy;
			containerPortal = DE1DCB0E225E2C7200170DDD /* CollectionKit.xcodeproj */;
			proxyType = 2;
			remoteGlobalIDString = A32B59BD213C063400DED8B4;
			remoteInfo = CollectionKit;
		};
		DE1DCB9B225E2C7200170DDD /* PBXContainerItemProxy */ = {
			isa = PBXContainerItemProxy;
			containerPortal = DE1DCB0E225E2C7200170DDD /* CollectionKit.xcodeproj */;
			proxyType = 2;
			remoteGlobalIDString = A32B59BE213C063400DED8B4;
			remoteInfo = CollectionKitTests;
		};
		DE1DCD13225E2CD400170DDD /* PBXContainerItemProxy */ = {
			isa = PBXContainerItemProxy;
			containerPortal = DE1DCCD9225E2CD400170DDD /* YetAnotherAnimationLibrary.xcodeproj */;
			proxyType = 2;
			remoteGlobalIDString = B1D0B47C1E89C479000B0E24;
			remoteInfo = Examples;
		};
		DE1DCD15225E2CD400170DDD /* PBXContainerItemProxy */ = {
			isa = PBXContainerItemProxy;
			containerPortal = DE1DCCD9225E2CD400170DDD /* YetAnotherAnimationLibrary.xcodeproj */;
			proxyType = 2;
			remoteGlobalIDString = B197CE171E8B660F004495AE;
			remoteInfo = YetAnotherAnimationLibrary;
		};
		DE1DCD89225E2D0D00170DDD /* PBXContainerItemProxy */ = {
			isa = PBXContainerItemProxy;
			containerPortal = DE1DCB0E225E2C7200170DDD /* CollectionKit.xcodeproj */;
			proxyType = 1;
			remoteGlobalIDString = B1B7B04F1E7DAD1E00F2483E;
			remoteInfo = CollectionKit;
		};
		DE1DCD8B225E2D1100170DDD /* PBXContainerItemProxy */ = {
			isa = PBXContainerItemProxy;
			containerPortal = DE1DCCD9225E2CD400170DDD /* YetAnotherAnimationLibrary.xcodeproj */;
			proxyType = 1;
			remoteGlobalIDString = B197CE161E8B660F004495AE;
			remoteInfo = YetAnotherAnimationLibrary;
		};
		DEA7EDB622760C8500EDD0C0 /* PBXContainerItemProxy */ = {
			isa = PBXContainerItemProxy;
			containerPortal = DEA7EDB122760C8400EDD0C0 /* EPKit.xcodeproj */;
			proxyType = 2;
			remoteGlobalIDString = DE3ADA19227317F7009E1301;
			remoteInfo = EPKit;
		};
		DEA7EDB922760C9000EDD0C0 /* PBXContainerItemProxy */ = {
			isa = PBXContainerItemProxy;
			containerPortal = DEA7EDB122760C8400EDD0C0 /* EPKit.xcodeproj */;
			proxyType = 1;
			remoteGlobalIDString = DE3ADA18227317F7009E1301;
			remoteInfo = EPKit;
		};
/* End PBXContainerItemProxy section */

/* Begin PBXFileReference section */
		DE09A1D6225DEB2C00E71E6C /* Quick-pg.app */ = {isa = PBXFileReference; explicitFileType = wrapper.application; includeInIndex = 0; path = "Quick-pg.app"; sourceTree = BUILT_PRODUCTS_DIR; };
		DE09A1D9225DEB2C00E71E6C /* AppDelegate.swift */ = {isa = PBXFileReference; lastKnownFileType = sourcecode.swift; path = AppDelegate.swift; sourceTree = "<group>"; };
		DE09A1DB225DEB2C00E71E6C /* PlaygroundController.swift */ = {isa = PBXFileReference; lastKnownFileType = sourcecode.swift; path = PlaygroundController.swift; sourceTree = "<group>"; };
		DE09A1DE225DEB2C00E71E6C /* Base */ = {isa = PBXFileReference; lastKnownFileType = file.storyboard; name = Base; path = Base.lproj/Main.storyboard; sourceTree = "<group>"; };
		DE09A1E0225DEB2D00E71E6C /* Assets.xcassets */ = {isa = PBXFileReference; lastKnownFileType = folder.assetcatalog; path = Assets.xcassets; sourceTree = "<group>"; };
		DE09A1E3225DEB2D00E71E6C /* Base */ = {isa = PBXFileReference; lastKnownFileType = file.storyboard; name = Base; path = Base.lproj/LaunchScreen.storyboard; sourceTree = "<group>"; };
		DE09A1E5225DEB2D00E71E6C /* Info.plist */ = {isa = PBXFileReference; lastKnownFileType = text.plist.xml; path = Info.plist; sourceTree = "<group>"; };
		DE1DCB0E225E2C7200170DDD /* CollectionKit.xcodeproj */ = {isa = PBXFileReference; lastKnownFileType = "wrapper.pb-project"; path = CollectionKit.xcodeproj; sourceTree = "<group>"; };
		DE1DCCD9225E2CD400170DDD /* YetAnotherAnimationLibrary.xcodeproj */ = {isa = PBXFileReference; lastKnownFileType = "wrapper.pb-project"; path = YetAnotherAnimationLibrary.xcodeproj; sourceTree = "<group>"; };
		DE39FFD62262711D006C64DB /* InputValidatorTextField.swift */ = {isa = PBXFileReference; lastKnownFileType = sourcecode.swift; path = InputValidatorTextField.swift; sourceTree = "<group>"; };
		DE39FFDF22627201006C64DB /* StaticPlaceholderValidatorTextField.swift */ = {isa = PBXFileReference; lastKnownFileType = sourcecode.swift; path = StaticPlaceholderValidatorTextField.swift; sourceTree = "<group>"; };
		DE39FFE2226272B4006C64DB /* EPView.swift */ = {isa = PBXFileReference; lastKnownFileType = sourcecode.swift; path = EPView.swift; sourceTree = "<group>"; };
		DE39FFEB22627306006C64DB /* UIColor+Hex.swift */ = {isa = PBXFileReference; lastKnownFileType = sourcecode.swift; path = "UIColor+Hex.swift"; sourceTree = "<group>"; };
		DE39FFEE226273D8006C64DB /* SidePanelTextField.swift */ = {isa = PBXFileReference; lastKnownFileType = sourcecode.swift; path = SidePanelTextField.swift; sourceTree = "<group>"; };
		DE60B15A2261FB9700FC61DB /* LivePlaceholderTextField.swift */ = {isa = PBXFileReference; lastKnownFileType = sourcecode.swift; path = LivePlaceholderTextField.swift; sourceTree = "<group>"; };
		DE60B16722620B4300FC61DB /* Relay<T>.swift */ = {isa = PBXFileReference; lastKnownFileType = sourcecode.swift; path = "Relay<T>.swift"; sourceTree = "<group>"; };
		DE60B16922620B5400FC61DB /* ClosureBox<T>.swift */ = {isa = PBXFileReference; lastKnownFileType = sourcecode.swift; path = "ClosureBox<T>.swift"; sourceTree = "<group>"; };
		DE60B16B22620B6400FC61DB /* EPTextField.swift */ = {isa = PBXFileReference; lastKnownFileType = sourcecode.swift; path = EPTextField.swift; sourceTree = "<group>"; };
		DE60B16D22620B7200FC61DB /* StaticPlaceholderTextField.swift */ = {isa = PBXFileReference; lastKnownFileType = sourcecode.swift; path = StaticPlaceholderTextField.swift; sourceTree = "<group>"; };
		DE60B16F22620B8500FC61DB /* RightSidePanelView.swift */ = {isa = PBXFileReference; lastKnownFileType = sourcecode.swift; path = RightSidePanelView.swift; sourceTree = "<group>"; };
		DE60B17122620B9800FC61DB /* Optional+Fallback.swift */ = {isa = PBXFileReference; lastKnownFileType = sourcecode.swift; path = "Optional+Fallback.swift"; sourceTree = "<group>"; };
		DE60B17322620BAE00FC61DB /* ColorPlaceholderTextField.swift */ = {isa = PBXFileReference; lastKnownFileType = sourcecode.swift; path = ColorPlaceholderTextField.swift; sourceTree = "<group>"; };
		DE60B17522620BBE00FC61DB /* String+Validators.swift */ = {isa = PBXFileReference; lastKnownFileType = sourcecode.swift; path = "String+Validators.swift"; sourceTree = "<group>"; };
		DE60B17722620BCE00FC61DB /* Array+Validators.swift */ = {isa = PBXFileReference; lastKnownFileType = sourcecode.swift; path = "Array+Validators.swift"; sourceTree = "<group>"; };
		DE6B5E1A2277007300CE78B6 /* OpenSans Bold.ttf */ = {isa = PBXFileReference; lastKnownFileType = file; path = "OpenSans Bold.ttf"; sourceTree = "<group>"; };
		DE6B5E1B2277007300CE78B6 /* OpenSans SemiBold.ttf */ = {isa = PBXFileReference; lastKnownFileType = file; path = "OpenSans SemiBold.ttf"; sourceTree = "<group>"; };
		DE6B5E1C2277007300CE78B6 /* OpenSans Regular.ttf */ = {isa = PBXFileReference; lastKnownFileType = file; path = "OpenSans Regular.ttf"; sourceTree = "<group>"; };
		DE6B5E1E2277007300CE78B6 /* Core Sans AR Bold.ttf */ = {isa = PBXFileReference; lastKnownFileType = file; path = "Core Sans AR Bold.ttf"; sourceTree = "<group>"; };
		DE6B5E1F2277007300CE78B6 /* Core Sans AR Heavy.ttf */ = {isa = PBXFileReference; lastKnownFileType = file; path = "Core Sans AR Heavy.ttf"; sourceTree = "<group>"; };
		DE6B5E202277007300CE78B6 /* Core Sans AR Medium.ttf */ = {isa = PBXFileReference; lastKnownFileType = file; path = "Core Sans AR Medium.ttf"; sourceTree = "<group>"; };
		DE6B5E212277007300CE78B6 /* Core Sans AR Extra Bold.ttf */ = {isa = PBXFileReference; lastKnownFileType = file; path = "Core Sans AR Extra Bold.ttf"; sourceTree = "<group>"; };
		DE6B5E232277007300CE78B6 /* Montserrat SemiBold.ttf */ = {isa = PBXFileReference; lastKnownFileType = file; path = "Montserrat SemiBold.ttf"; sourceTree = "<group>"; };
		DE6B5E242277007300CE78B6 /* Montserrat Medium.ttf */ = {isa = PBXFileReference; lastKnownFileType = file; path = "Montserrat Medium.ttf"; sourceTree = "<group>"; };
		DE6B5E252277007300CE78B6 /* Montserrat SemiBold Italic.ttf */ = {isa = PBXFileReference; lastKnownFileType = file; path = "Montserrat SemiBold Italic.ttf"; sourceTree = "<group>"; };
		DE6B5E382277009900CE78B6 /* Const+Font.swift */ = {isa = PBXFileReference; lastKnownFileType = sourcecode.swift; path = "Const+Font.swift"; sourceTree = "<group>"; };
		DEA7EDB122760C8400EDD0C0 /* EPKit.xcodeproj */ = {isa = PBXFileReference; lastKnownFileType = "wrapper.pb-project"; path = EPKit.xcodeproj; sourceTree = "<group>"; };
		DED2DB9F22781244000C2DD2 /* InteractivePopup.swift */ = {isa = PBXFileReference; lastKnownFileType = sourcecode.swift; path = InteractivePopup.swift; sourceTree = "<group>"; };
		DED2DBA422781279000C2DD2 /* Bool+Reverse.swift */ = {isa = PBXFileReference; lastKnownFileType = sourcecode.swift; path = "Bool+Reverse.swift"; sourceTree = "<group>"; };
		DED2DBA7227812B2000C2DD2 /* UIEdgeInsets+Extension.swift */ = {isa = PBXFileReference; lastKnownFileType = sourcecode.swift; path = "UIEdgeInsets+Extension.swift"; sourceTree = "<group>"; };
		DED2DBA9227812C7000C2DD2 /* String+Length.swift */ = {isa = PBXFileReference; lastKnownFileType = sourcecode.swift; path = "String+Length.swift"; sourceTree = "<group>"; };
		DED2DBAC227812DC000C2DD2 /* UITextField+Caret.swift */ = {isa = PBXFileReference; lastKnownFileType = sourcecode.swift; path = "UITextField+Caret.swift"; sourceTree = "<group>"; };
		DED2DBAE227812FD000C2DD2 /* String+Extension.swift */ = {isa = PBXFileReference; lastKnownFileType = sourcecode.swift; path = "String+Extension.swift"; sourceTree = "<group>"; };
		DED978E3226221E700D306CA /* PlaygroundViewModel.swift */ = {isa = PBXFileReference; lastKnownFileType = sourcecode.swift; path = PlaygroundViewModel.swift; sourceTree = "<group>"; };
		DEE39E1B225E17200083406A /* Signal.swift */ = {isa = PBXFileReference; lastKnownFileType = sourcecode.swift; path = Signal.swift; sourceTree = "<group>"; };
		DEE39E20225E17F80083406A /* InteractiveView.swift */ = {isa = PBXFileReference; lastKnownFileType = sourcecode.swift; path = InteractiveView.swift; sourceTree = "<group>"; };
		DEE39E22225E18320083406A /* SelectableView.swift */ = {isa = PBXFileReference; lastKnownFileType = sourcecode.swift; path = SelectableView.swift; sourceTree = "<group>"; };
		DEE39E24225E1E540083406A /* RightSidePanelViewModel.swift */ = {isa = PBXFileReference; lastKnownFileType = sourcecode.swift; path = RightSidePanelViewModel.swift; sourceTree = "<group>"; };
/* End PBXFileReference section */

/* Begin PBXFrameworksBuildPhase section */
		DE09A1D3225DEB2C00E71E6C /* Frameworks */ = {
			isa = PBXFrameworksBuildPhase;
			buildActionMask = 2147483647;
			files = (
			);
			runOnlyForDeploymentPostprocessing = 0;
		};
/* End PBXFrameworksBuildPhase section */

/* Begin PBXGroup section */
		DE09A1CD225DEB2C00E71E6C = {
			isa = PBXGroup;
			children = (
				DE09A1D8225DEB2C00E71E6C /* Quick-pg */,
				DE09A1D7225DEB2C00E71E6C /* Products */,
			);
			sourceTree = "<group>";
		};
		DE09A1D7225DEB2C00E71E6C /* Products */ = {
			isa = PBXGroup;
			children = (
				DE09A1D6225DEB2C00E71E6C /* Quick-pg.app */,
			);
			name = Products;
			sourceTree = "<group>";
		};
		DE09A1D8225DEB2C00E71E6C /* Quick-pg */ = {
			isa = PBXGroup;
			children = (
				DE6B5E112277004A00CE78B6 /* Resource */,
				DE60B16322620B1700FC61DB /* tmp */,
				DEE39E1D225E17DD0083406A /* Module */,
				DE91A12F225DED3D0019C8DA /* src */,
				DE09A1D9225DEB2C00E71E6C /* AppDelegate.swift */,
				DE09A1DD225DEB2C00E71E6C /* Main.storyboard */,
				DE09A1E0225DEB2D00E71E6C /* Assets.xcassets */,
				DE09A1E2225DEB2D00E71E6C /* LaunchScreen.storyboard */,
				DE09A1E5225DEB2D00E71E6C /* Info.plist */,
			);
			path = "Quick-pg";
			sourceTree = "<group>";
		};
		DE1DCAFE225E2C7200170DDD /* CollectionKit */ = {
			isa = PBXGroup;
			children = (
				DE1DCB0E225E2C7200170DDD /* CollectionKit.xcodeproj */,
			);
			path = CollectionKit;
			sourceTree = "<group>";
		};
		DE1DCB0F225E2C7200170DDD /* Products */ = {
			isa = PBXGroup;
			children = (
				DE1DCB9A225E2C7200170DDD /* CollectionKit.framework */,
				DE1DCB9C225E2C7200170DDD /* CollectionKitTests.xctest */,
			);
			name = Products;
			sourceTree = "<group>";
		};
		DE1DCCD3225E2CD400170DDD /* YetAnotherAnimationLibrary */ = {
			isa = PBXGroup;
			children = (
				DE1DCCD9225E2CD400170DDD /* YetAnotherAnimationLibrary.xcodeproj */,
			);
			path = YetAnotherAnimationLibrary;
			sourceTree = "<group>";
		};
		DE1DCCDA225E2CD400170DDD /* Products */ = {
			isa = PBXGroup;
			children = (
				DE1DCD14225E2CD400170DDD /* Examples.app */,
				DE1DCD16225E2CD400170DDD /* YetAnotherAnimationLibrary.framework */,
			);
			name = Products;
			sourceTree = "<group>";
		};
		DE39FFE1226272AC006C64DB /* View */ = {
			isa = PBXGroup;
			children = (
				DE39FFED22627339006C64DB /* Interaction */,
				DE39FFE2226272B4006C64DB /* EPView.swift */,
				DED2DB9F22781244000C2DD2 /* InteractivePopup.swift */,
			);
			path = View;
			sourceTree = "<group>";
		};
		DE39FFE4226272C4006C64DB /* Extension */ = {
			isa = PBXGroup;
			children = (
				DE39FFE6226272DC006C64DB /* UIKit */,
				DE39FFE5226272CF006C64DB /* Foundation */,
			);
			path = Extension;
			sourceTree = "<group>";
		};
		DE39FFE5226272CF006C64DB /* Foundation */ = {
			isa = PBXGroup;
			children = (
				DED2DBA322781269000C2DD2 /* Bool */,
				DE39FFEA226272E8006C64DB /* Collection */,
				DE39FFE9226272E6006C64DB /* String */,
				DE39FFE8226272E2006C64DB /* Optional */,
			);
			path = Foundation;
			sourceTree = "<group>";
		};
		DE39FFE6226272DC006C64DB /* UIKit */ = {
			isa = PBXGroup;
			children = (
				DED2DBAB227812D2000C2DD2 /* TextField */,
				DED2DBA6227812A6000C2DD2 /* Insets */,
				DE39FFE7226272DE006C64DB /* Color */,
			);
			path = UIKit;
			sourceTree = "<group>";
		};
		DE39FFE7226272DE006C64DB /* Color */ = {
			isa = PBXGroup;
			children = (
				DE39FFEB22627306006C64DB /* UIColor+Hex.swift */,
			);
			path = Color;
			sourceTree = "<group>";
		};
		DE39FFE8226272E2006C64DB /* Optional */ = {
			isa = PBXGroup;
			children = (
				DE60B17122620B9800FC61DB /* Optional+Fallback.swift */,
			);
			path = Optional;
			sourceTree = "<group>";
		};
		DE39FFE9226272E6006C64DB /* String */ = {
			isa = PBXGroup;
			children = (
				DE60B17522620BBE00FC61DB /* String+Validators.swift */,
				DED2DBA9227812C7000C2DD2 /* String+Length.swift */,
				DED2DBAE227812FD000C2DD2 /* String+Extension.swift */,
			);
			path = String;
			sourceTree = "<group>";
		};
		DE39FFEA226272E8006C64DB /* Collection */ = {
			isa = PBXGroup;
			children = (
				DE60B17722620BCE00FC61DB /* Array+Validators.swift */,
			);
			path = Collection;
			sourceTree = "<group>";
		};
		DE39FFED22627339006C64DB /* Interaction */ = {
			isa = PBXGroup;
			children = (
				DEE39E22225E18320083406A /* SelectableView.swift */,
				DEE39E20225E17F80083406A /* InteractiveView.swift */,
			);
			path = Interaction;
			sourceTree = "<group>";
		};
		DE60B16322620B1700FC61DB /* tmp */ = {
			isa = PBXGroup;
			children = (
				DE60B16422620B1B00FC61DB /* View */,
			);
			path = tmp;
			sourceTree = "<group>";
		};
		DE60B16422620B1B00FC61DB /* View */ = {
			isa = PBXGroup;
			children = (
				DE60B15A2261FB9700FC61DB /* LivePlaceholderTextField.swift */,
				DE60B16722620B4300FC61DB /* Relay<T>.swift */,
			);
			path = View;
			sourceTree = "<group>";
		};
		DE60B16522620B2000FC61DB /* UIKit */ = {
			isa = PBXGroup;
			children = (
				DE39FFE1226272AC006C64DB /* View */,
				DE60B16622620B2200FC61DB /* TextField */,
			);
			path = UIKit;
			sourceTree = "<group>";
		};
		DE60B16622620B2200FC61DB /* TextField */ = {
			isa = PBXGroup;
			children = (
				DE60B16B22620B6400FC61DB /* EPTextField.swift */,
				DE39FFD62262711D006C64DB /* InputValidatorTextField.swift */,
				DE60B16D22620B7200FC61DB /* StaticPlaceholderTextField.swift */,
				DE39FFDF22627201006C64DB /* StaticPlaceholderValidatorTextField.swift */,
			);
			path = TextField;
			sourceTree = "<group>";
		};
		DE6B5E112277004A00CE78B6 /* Resource */ = {
			isa = PBXGroup;
			children = (
				DE6B5E182277007300CE78B6 /* Font */,
			);
			path = Resource;
			sourceTree = "<group>";
		};
		DE6B5E182277007300CE78B6 /* Font */ = {
			isa = PBXGroup;
			children = (
				DE6B5E192277007300CE78B6 /* Open Sans */,
				DE6B5E1D2277007300CE78B6 /* Core Sans */,
				DE6B5E222277007300CE78B6 /* Montserrat */,
			);
			path = Font;
			sourceTree = "<group>";
		};
		DE6B5E192277007300CE78B6 /* Open Sans */ = {
			isa = PBXGroup;
			children = (
				DE6B5E1A2277007300CE78B6 /* OpenSans Bold.ttf */,
				DE6B5E1B2277007300CE78B6 /* OpenSans SemiBold.ttf */,
				DE6B5E1C2277007300CE78B6 /* OpenSans Regular.ttf */,
			);
			path = "Open Sans";
			sourceTree = "<group>";
		};
		DE6B5E1D2277007300CE78B6 /* Core Sans */ = {
			isa = PBXGroup;
			children = (
				DE6B5E1E2277007300CE78B6 /* Core Sans AR Bold.ttf */,
				DE6B5E1F2277007300CE78B6 /* Core Sans AR Heavy.ttf */,
				DE6B5E202277007300CE78B6 /* Core Sans AR Medium.ttf */,
				DE6B5E212277007300CE78B6 /* Core Sans AR Extra Bold.ttf */,
			);
			path = "Core Sans";
			sourceTree = "<group>";
		};
		DE6B5E222277007300CE78B6 /* Montserrat */ = {
			isa = PBXGroup;
			children = (
				DE6B5E232277007300CE78B6 /* Montserrat SemiBold.ttf */,
				DE6B5E242277007300CE78B6 /* Montserrat Medium.ttf */,
				DE6B5E252277007300CE78B6 /* Montserrat SemiBold Italic.ttf */,
			);
			path = Montserrat;
			sourceTree = "<group>";
		};
		DE6B5E332277008100CE78B6 /* App */ = {
			isa = PBXGroup;
			children = (
				DE6B5E372277008700CE78B6 /* Const */,
			);
			path = App;
			sourceTree = "<group>";
		};
		DE6B5E372277008700CE78B6 /* Const */ = {
			isa = PBXGroup;
			children = (
				DE6B5E382277009900CE78B6 /* Const+Font.swift */,
			);
			path = Const;
			sourceTree = "<group>";
		};
		DE91A12F225DED3D0019C8DA /* src */ = {
			isa = PBXGroup;
			children = (
				DE6B5E332277008100CE78B6 /* App */,
				DE39FFE4226272C4006C64DB /* Extension */,
				DE60B16522620B2000FC61DB /* UIKit */,
				DEE39E15225E17190083406A /* Foundation */,
				DE91A130225DED3F0019C8DA /* lib */,
			);
			path = src;
			sourceTree = "<group>";
		};
		DE91A130225DED3F0019C8DA /* lib */ = {
			isa = PBXGroup;
			children = (
				DEA7EDAC22760C8400EDD0C0 /* EPKit */,
				DE1DCAFE225E2C7200170DDD /* CollectionKit */,
				DE1DCCD3225E2CD400170DDD /* YetAnotherAnimationLibrary */,
			);
			path = lib;
			sourceTree = "<group>";
		};
		DEA7EDAC22760C8400EDD0C0 /* EPKit */ = {
			isa = PBXGroup;
			children = (
				DEA7EDB122760C8400EDD0C0 /* EPKit.xcodeproj */,
			);
			name = EPKit;
			path = EPKit/EPKit;
			sourceTree = "<group>";
		};
		DEA7EDB222760C8400EDD0C0 /* Products */ = {
			isa = PBXGroup;
			children = (
				DEA7EDB722760C8500EDD0C0 /* libEPKit.a */,
			);
			name = Products;
			sourceTree = "<group>";
		};
		DED2DBA322781269000C2DD2 /* Bool */ = {
			isa = PBXGroup;
			children = (
				DED2DBA422781279000C2DD2 /* Bool+Reverse.swift */,
			);
			path = Bool;
			sourceTree = "<group>";
		};
		DED2DBA6227812A6000C2DD2 /* Insets */ = {
			isa = PBXGroup;
			children = (
				DED2DBA7227812B2000C2DD2 /* UIEdgeInsets+Extension.swift */,
			);
			path = Insets;
			sourceTree = "<group>";
		};
		DED2DBAB227812D2000C2DD2 /* TextField */ = {
			isa = PBXGroup;
			children = (
				DED2DBAC227812DC000C2DD2 /* UITextField+Caret.swift */,
			);
			path = TextField;
			sourceTree = "<group>";
		};
		DED978DB226221D600D306CA /* ViewModel */ = {
			isa = PBXGroup;
			children = (
				DED978E3226221E700D306CA /* PlaygroundViewModel.swift */,
				DEE39E24225E1E540083406A /* RightSidePanelViewModel.swift */,
			);
			path = ViewModel;
			sourceTree = "<group>";
		};
		DEE39E15225E17190083406A /* Foundation */ = {
			isa = PBXGroup;
			children = (
				DEE39E1B225E17200083406A /* Signal.swift */,
				DE60B16922620B5400FC61DB /* ClosureBox<T>.swift */,
			);
			path = Foundation;
			sourceTree = "<group>";
		};
		DEE39E1D225E17DD0083406A /* Module */ = {
			isa = PBXGroup;
			children = (
				DEE39E1E225E17E10083406A /* Playground */,
			);
			path = Module;
			sourceTree = "<group>";
		};
		DEE39E1E225E17E10083406A /* Playground */ = {
			isa = PBXGroup;
			children = (
				DED978DB226221D600D306CA /* ViewModel */,
				DEE39E1F225E17F30083406A /* View */,
				DE09A1DB225DEB2C00E71E6C /* PlaygroundController.swift */,
			);
			path = Playground;
			sourceTree = "<group>";
		};
		DEE39E1F225E17F30083406A /* View */ = {
			isa = PBXGroup;
			children = (
				DE60B16F22620B8500FC61DB /* RightSidePanelView.swift */,
				DE60B17322620BAE00FC61DB /* ColorPlaceholderTextField.swift */,
				DE39FFEE226273D8006C64DB /* SidePanelTextField.swift */,
			);
			path = View;
			sourceTree = "<group>";
		};
/* End PBXGroup section */

/* Begin PBXNativeTarget section */
		DE09A1D5225DEB2C00E71E6C /* Quick-pg */ = {
			isa = PBXNativeTarget;
			buildConfigurationList = DE09A1E8225DEB2D00E71E6C /* Build configuration list for PBXNativeTarget "Quick-pg" */;
			buildPhases = (
				DE09A1D2225DEB2C00E71E6C /* Sources */,
				DE09A1D3225DEB2C00E71E6C /* Frameworks */,
				DE09A1D4225DEB2C00E71E6C /* Resources */,
			);
			buildRules = (
			);
			dependencies = (
				DEA7EDBA22760C9000EDD0C0 /* PBXTargetDependency */,
				DE1DCD8C225E2D1100170DDD /* PBXTargetDependency */,
				DE1DCD8A225E2D0D00170DDD /* PBXTargetDependency */,
			);
			name = "Quick-pg";
			productName = "Quick-pg";
			productReference = DE09A1D6225DEB2C00E71E6C /* Quick-pg.app */;
			productType = "com.apple.product-type.application";
		};
/* End PBXNativeTarget section */

/* Begin PBXProject section */
		DE09A1CE225DEB2C00E71E6C /* Project object */ = {
			isa = PBXProject;
			attributes = {
				LastSwiftUpdateCheck = 1020;
				LastUpgradeCheck = 1020;
				ORGANIZATIONNAME = surge;
				TargetAttributes = {
					DE09A1D5225DEB2C00E71E6C = {
						CreatedOnToolsVersion = 10.2;
					};
				};
			};
			buildConfigurationList = DE09A1D1225DEB2C00E71E6C /* Build configuration list for PBXProject "Quick-pg" */;
			compatibilityVersion = "Xcode 9.3";
			developmentRegion = en;
			hasScannedForEncodings = 0;
			knownRegions = (
				en,
				Base,
			);
			mainGroup = DE09A1CD225DEB2C00E71E6C;
			productRefGroup = DE09A1D7225DEB2C00E71E6C /* Products */;
			projectDirPath = "";
			projectReferences = (
				{
					ProductGroup = DE1DCB0F225E2C7200170DDD /* Products */;
					ProjectRef = DE1DCB0E225E2C7200170DDD /* CollectionKit.xcodeproj */;
				},
				{
					ProductGroup = DEA7EDB222760C8400EDD0C0 /* Products */;
					ProjectRef = DEA7EDB122760C8400EDD0C0 /* EPKit.xcodeproj */;
				},
				{
					ProductGroup = DE1DCCDA225E2CD400170DDD /* Products */;
					ProjectRef = DE1DCCD9225E2CD400170DDD /* YetAnotherAnimationLibrary.xcodeproj */;
				},
			);
			projectRoot = "";
			targets = (
				DE09A1D5225DEB2C00E71E6C /* Quick-pg */,
			);
		};
/* End PBXProject section */

/* Begin PBXReferenceProxy section */
		DE1DCB9A225E2C7200170DDD /* CollectionKit.framework */ = {
			isa = PBXReferenceProxy;
			fileType = wrapper.framework;
			path = CollectionKit.framework;
			remoteRef = DE1DCB99225E2C7200170DDD /* PBXContainerItemProxy */;
			sourceTree = BUILT_PRODUCTS_DIR;
		};
		DE1DCB9C225E2C7200170DDD /* CollectionKitTests.xctest */ = {
			isa = PBXReferenceProxy;
			fileType = wrapper.cfbundle;
			path = CollectionKitTests.xctest;
			remoteRef = DE1DCB9B225E2C7200170DDD /* PBXContainerItemProxy */;
			sourceTree = BUILT_PRODUCTS_DIR;
		};
		DE1DCD14225E2CD400170DDD /* Examples.app */ = {
			isa = PBXReferenceProxy;
			fileType = wrapper.application;
			path = Examples.app;
			remoteRef = DE1DCD13225E2CD400170DDD /* PBXContainerItemProxy */;
			sourceTree = BUILT_PRODUCTS_DIR;
		};
		DE1DCD16225E2CD400170DDD /* YetAnotherAnimationLibrary.framework */ = {
			isa = PBXReferenceProxy;
			fileType = wrapper.framework;
			path = YetAnotherAnimationLibrary.framework;
			remoteRef = DE1DCD15225E2CD400170DDD /* PBXContainerItemProxy */;
			sourceTree = BUILT_PRODUCTS_DIR;
		};
		DEA7EDB722760C8500EDD0C0 /* libEPKit.a */ = {
			isa = PBXReferenceProxy;
			fileType = archive.ar;
			path = libEPKit.a;
			remoteRef = DEA7EDB622760C8500EDD0C0 /* PBXContainerItemProxy */;
			sourceTree = BUILT_PRODUCTS_DIR;
		};
/* End PBXReferenceProxy section */

/* Begin PBXResourcesBuildPhase section */
		DE09A1D4225DEB2C00E71E6C /* Resources */ = {
			isa = PBXResourcesBuildPhase;
			buildActionMask = 2147483647;
			files = (
				DE6B5E2B2277007300CE78B6 /* Core Sans AR Medium.ttf in Resources */,
				DE6B5E2E2277007300CE78B6 /* Montserrat Medium.ttf in Resources */,
				DE6B5E2A2277007300CE78B6 /* Core Sans AR Heavy.ttf in Resources */,
				DE6B5E272277007300CE78B6 /* OpenSans SemiBold.ttf in Resources */,
				DE6B5E2C2277007300CE78B6 /* Core Sans AR Extra Bold.ttf in Resources */,
				DE6B5E2F2277007300CE78B6 /* Montserrat SemiBold Italic.ttf in Resources */,
				DE09A1E4225DEB2D00E71E6C /* LaunchScreen.storyboard in Resources */,
				DE6B5E262277007300CE78B6 /* OpenSans Bold.ttf in Resources */,
				DE09A1E1225DEB2D00E71E6C /* Assets.xcassets in Resources */,
				DE6B5E292277007300CE78B6 /* Core Sans AR Bold.ttf in Resources */,
				DE6B5E2D2277007300CE78B6 /* Montserrat SemiBold.ttf in Resources */,
				DE09A1DF225DEB2C00E71E6C /* Main.storyboard in Resources */,
				DE6B5E282277007300CE78B6 /* OpenSans Regular.ttf in Resources */,
			);
			runOnlyForDeploymentPostprocessing = 0;
		};
/* End PBXResourcesBuildPhase section */

/* Begin PBXSourcesBuildPhase section */
		DE09A1D2225DEB2C00E71E6C /* Sources */ = {
			isa = PBXSourcesBuildPhase;
			buildActionMask = 2147483647;
			files = (
				DE39FFEC22627306006C64DB /* UIColor+Hex.swift in Sources */,
				DED2DBA022781244000C2DD2 /* InteractivePopup.swift in Sources */,
				DE60B16E22620B7200FC61DB /* StaticPlaceholderTextField.swift in Sources */,
				DE09A1DC225DEB2C00E71E6C /* PlaygroundController.swift in Sources */,
				DEE39E21225E17F80083406A /* InteractiveView.swift in Sources */,
				DE39FFD72262711D006C64DB /* InputValidatorTextField.swift in Sources */,
				DE60B15B2261FB9700FC61DB /* LivePlaceholderTextField.swift in Sources */,
				DE60B17822620BCE00FC61DB /* Array+Validators.swift in Sources */,
				DED2DBAF227812FD000C2DD2 /* String+Extension.swift in Sources */,
				DED2DBA522781279000C2DD2 /* Bool+Reverse.swift in Sources */,
				DEE39E1C225E17200083406A /* Signal.swift in Sources */,
				DED978E4226221E700D306CA /* PlaygroundViewModel.swift in Sources */,
				DE60B17422620BAE00FC61DB /* ColorPlaceholderTextField.swift in Sources */,
				DED2DBAD227812DC000C2DD2 /* UITextField+Caret.swift in Sources */,
				DE60B17022620B8500FC61DB /* RightSidePanelView.swift in Sources */,
				DE60B16C22620B6400FC61DB /* EPTextField.swift in Sources */,
				DE39FFEF226273D8006C64DB /* SidePanelTextField.swift in Sources */,
				DE60B16822620B4300FC61DB /* Relay<T>.swift in Sources */,
				DE09A1DA225DEB2C00E71E6C /* AppDelegate.swift in Sources */,
				DEE39E23225E18320083406A /* SelectableView.swift in Sources */,
				DED2DBA8227812B2000C2DD2 /* UIEdgeInsets+Extension.swift in Sources */,
				DEE39E25225E1E540083406A /* RightSidePanelViewModel.swift in Sources */,
				DED2DBAA227812C7000C2DD2 /* String+Length.swift in Sources */,
				DE39FFE022627201006C64DB /* StaticPlaceholderValidatorTextField.swift in Sources */,
				DE6B5E392277009900CE78B6 /* Const+Font.swift in Sources */,
				DE60B16A22620B5400FC61DB /* ClosureBox<T>.swift in Sources */,
				DE60B17622620BBE00FC61DB /* String+Validators.swift in Sources */,
				DE60B17222620B9800FC61DB /* Optional+Fallback.swift in Sources */,
			);
			runOnlyForDeploymentPostprocessing = 0;
		};
/* End PBXSourcesBuildPhase section */

/* Begin PBXTargetDependency section */
		DE1DCD8A225E2D0D00170DDD /* PBXTargetDependency */ = {
			isa = PBXTargetDependency;
			name = CollectionKit;
			targetProxy = DE1DCD89225E2D0D00170DDD /* PBXContainerItemProxy */;
		};
		DE1DCD8C225E2D1100170DDD /* PBXTargetDependency */ = {
			isa = PBXTargetDependency;
			name = YetAnotherAnimationLibrary;
			targetProxy = DE1DCD8B225E2D1100170DDD /* PBXContainerItemProxy */;
		};
		DEA7EDBA22760C9000EDD0C0 /* PBXTargetDependency */ = {
			isa = PBXTargetDependency;
			name = EPKit;
			targetProxy = DEA7EDB922760C9000EDD0C0 /* PBXContainerItemProxy */;
		};
/* End PBXTargetDependency section */

/* Begin PBXVariantGroup section */
		DE09A1DD225DEB2C00E71E6C /* Main.storyboard */ = {
			isa = PBXVariantGroup;
			children = (
				DE09A1DE225DEB2C00E71E6C /* Base */,
			);
			name = Main.storyboard;
			sourceTree = "<group>";
		};
		DE09A1E2225DEB2D00E71E6C /* LaunchScreen.storyboard */ = {
			isa = PBXVariantGroup;
			children = (
				DE09A1E3225DEB2D00E71E6C /* Base */,
			);
			name = LaunchScreen.storyboard;
			sourceTree = "<group>";
		};
/* End PBXVariantGroup section */

/* Begin XCBuildConfiguration section */
		DE09A1E6225DEB2D00E71E6C /* Debug */ = {
			isa = XCBuildConfiguration;
			buildSettings = {
				ALWAYS_SEARCH_USER_PATHS = NO;
				CLANG_ANALYZER_NONNULL = YES;
				CLANG_ANALYZER_NUMBER_OBJECT_CONVERSION = YES_AGGRESSIVE;
				CLANG_CXX_LANGUAGE_STANDARD = "gnu++14";
				CLANG_CXX_LIBRARY = "libc++";
				CLANG_ENABLE_MODULES = YES;
				CLANG_ENABLE_OBJC_ARC = YES;
				CLANG_ENABLE_OBJC_WEAK = YES;
				CLANG_WARN_BLOCK_CAPTURE_AUTORELEASING = YES;
				CLANG_WARN_BOOL_CONVERSION = YES;
				CLANG_WARN_COMMA = YES;
				CLANG_WARN_CONSTANT_CONVERSION = YES;
				CLANG_WARN_DEPRECATED_OBJC_IMPLEMENTATIONS = YES;
				CLANG_WARN_DIRECT_OBJC_ISA_USAGE = YES_ERROR;
				CLANG_WARN_DOCUMENTATION_COMMENTS = YES;
				CLANG_WARN_EMPTY_BODY = YES;
				CLANG_WARN_ENUM_CONVERSION = YES;
				CLANG_WARN_INFINITE_RECURSION = YES;
				CLANG_WARN_INT_CONVERSION = YES;
				CLANG_WARN_NON_LITERAL_NULL_CONVERSION = YES;
				CLANG_WARN_OBJC_IMPLICIT_RETAIN_SELF = YES;
				CLANG_WARN_OBJC_LITERAL_CONVERSION = YES;
				CLANG_WARN_OBJC_ROOT_CLASS = YES_ERROR;
				CLANG_WARN_RANGE_LOOP_ANALYSIS = YES;
				CLANG_WARN_STRICT_PROTOTYPES = YES;
				CLANG_WARN_SUSPICIOUS_MOVE = YES;
				CLANG_WARN_UNGUARDED_AVAILABILITY = YES_AGGRESSIVE;
				CLANG_WARN_UNREACHABLE_CODE = YES;
				CLANG_WARN__DUPLICATE_METHOD_MATCH = YES;
				CODE_SIGN_IDENTITY = "iPhone Developer";
				COPY_PHASE_STRIP = NO;
				DEBUG_INFORMATION_FORMAT = dwarf;
				ENABLE_STRICT_OBJC_MSGSEND = YES;
				ENABLE_TESTABILITY = YES;
				GCC_C_LANGUAGE_STANDARD = gnu11;
				GCC_DYNAMIC_NO_PIC = NO;
				GCC_NO_COMMON_BLOCKS = YES;
				GCC_OPTIMIZATION_LEVEL = 0;
				GCC_PREPROCESSOR_DEFINITIONS = (
					"DEBUG=1",
					"$(inherited)",
				);
				GCC_WARN_64_TO_32_BIT_CONVERSION = YES;
				GCC_WARN_ABOUT_RETURN_TYPE = YES_ERROR;
				GCC_WARN_UNDECLARED_SELECTOR = YES;
				GCC_WARN_UNINITIALIZED_AUTOS = YES_AGGRESSIVE;
				GCC_WARN_UNUSED_FUNCTION = YES;
				GCC_WARN_UNUSED_VARIABLE = YES;
				IPHONEOS_DEPLOYMENT_TARGET = 12.2;
				MTL_ENABLE_DEBUG_INFO = INCLUDE_SOURCE;
				MTL_FAST_MATH = YES;
				ONLY_ACTIVE_ARCH = YES;
				SDKROOT = iphoneos;
				SWIFT_ACTIVE_COMPILATION_CONDITIONS = DEBUG;
				SWIFT_OPTIMIZATION_LEVEL = "-Onone";
			};
			name = Debug;
		};
		DE09A1E7225DEB2D00E71E6C /* Release */ = {
			isa = XCBuildConfiguration;
			buildSettings = {
				ALWAYS_SEARCH_USER_PATHS = NO;
				CLANG_ANALYZER_NONNULL = YES;
				CLANG_ANALYZER_NUMBER_OBJECT_CONVERSION = YES_AGGRESSIVE;
				CLANG_CXX_LANGUAGE_STANDARD = "gnu++14";
				CLANG_CXX_LIBRARY = "libc++";
				CLANG_ENABLE_MODULES = YES;
				CLANG_ENABLE_OBJC_ARC = YES;
				CLANG_ENABLE_OBJC_WEAK = YES;
				CLANG_WARN_BLOCK_CAPTURE_AUTORELEASING = YES;
				CLANG_WARN_BOOL_CONVERSION = YES;
				CLANG_WARN_COMMA = YES;
				CLANG_WARN_CONSTANT_CONVERSION = YES;
				CLANG_WARN_DEPRECATED_OBJC_IMPLEMENTATIONS = YES;
				CLANG_WARN_DIRECT_OBJC_ISA_USAGE = YES_ERROR;
				CLANG_WARN_DOCUMENTATION_COMMENTS = YES;
				CLANG_WARN_EMPTY_BODY = YES;
				CLANG_WARN_ENUM_CONVERSION = YES;
				CLANG_WARN_INFINITE_RECURSION = YES;
				CLANG_WARN_INT_CONVERSION = YES;
				CLANG_WARN_NON_LITERAL_NULL_CONVERSION = YES;
				CLANG_WARN_OBJC_IMPLICIT_RETAIN_SELF = YES;
				CLANG_WARN_OBJC_LITERAL_CONVERSION = YES;
				CLANG_WARN_OBJC_ROOT_CLASS = YES_ERROR;
				CLANG_WARN_RANGE_LOOP_ANALYSIS = YES;
				CLANG_WARN_STRICT_PROTOTYPES = YES;
				CLANG_WARN_SUSPICIOUS_MOVE = YES;
				CLANG_WARN_UNGUARDED_AVAILABILITY = YES_AGGRESSIVE;
				CLANG_WARN_UNREACHABLE_CODE = YES;
				CLANG_WARN__DUPLICATE_METHOD_MATCH = YES;
				CODE_SIGN_IDENTITY = "iPhone Developer";
				COPY_PHASE_STRIP = NO;
				DEBUG_INFORMATION_FORMAT = "dwarf-with-dsym";
				ENABLE_NS_ASSERTIONS = NO;
				ENABLE_STRICT_OBJC_MSGSEND = YES;
				GCC_C_LANGUAGE_STANDARD = gnu11;
				GCC_NO_COMMON_BLOCKS = YES;
				GCC_WARN_64_TO_32_BIT_CONVERSION = YES;
				GCC_WARN_ABOUT_RETURN_TYPE = YES_ERROR;
				GCC_WARN_UNDECLARED_SELECTOR = YES;
				GCC_WARN_UNINITIALIZED_AUTOS = YES_AGGRESSIVE;
				GCC_WARN_UNUSED_FUNCTION = YES;
				GCC_WARN_UNUSED_VARIABLE = YES;
				IPHONEOS_DEPLOYMENT_TARGET = 12.2;
				MTL_ENABLE_DEBUG_INFO = NO;
				MTL_FAST_MATH = YES;
				SDKROOT = iphoneos;
				SWIFT_COMPILATION_MODE = wholemodule;
				SWIFT_OPTIMIZATION_LEVEL = "-O";
				VALIDATE_PRODUCT = YES;
			};
			name = Release;
		};
		DE09A1E9225DEB2D00E71E6C /* Debug */ = {
			isa = XCBuildConfiguration;
			buildSettings = {
				ASSETCATALOG_COMPILER_APPICON_NAME = AppIcon;
				CODE_SIGN_STYLE = Automatic;
				DEVELOPMENT_TEAM = VD97XKT54M;
				INFOPLIST_FILE = "Quick-pg/Info.plist";
				IPHONEOS_DEPLOYMENT_TARGET = 11.1;
				LD_RUNPATH_SEARCH_PATHS = (
					"$(inherited)",
					"@executable_path/Frameworks",
				);
				PRODUCT_BUNDLE_IDENTIFIER = "own2pwn.pp.Quick-pg";
				PRODUCT_NAME = "$(TARGET_NAME)";
				SWIFT_VERSION = 5.0;
				TARGETED_DEVICE_FAMILY = 2;
			};
			name = Debug;
		};
		DE09A1EA225DEB2D00E71E6C /* Release */ = {
			isa = XCBuildConfiguration;
			buildSettings = {
				ASSETCATALOG_COMPILER_APPICON_NAME = AppIcon;
				CODE_SIGN_STYLE = Automatic;
				DEVELOPMENT_TEAM = VD97XKT54M;
				INFOPLIST_FILE = "Quick-pg/Info.plist";
				IPHONEOS_DEPLOYMENT_TARGET = 11.1;
				LD_RUNPATH_SEARCH_PATHS = (
					"$(inherited)",
					"@executable_path/Frameworks",
				);
				PRODUCT_BUNDLE_IDENTIFIER = "own2pwn.pp.Quick-pg";
				PRODUCT_NAME = "$(TARGET_NAME)";
				SWIFT_VERSION = 5.0;
				TARGETED_DEVICE_FAMILY = 2;
			};
			name = Release;
		};
/* End XCBuildConfiguration section */

/* Begin XCConfigurationList section */
		DE09A1D1225DEB2C00E71E6C /* Build configuration list for PBXProject "Quick-pg" */ = {
			isa = XCConfigurationList;
			buildConfigurations = (
				DE09A1E6225DEB2D00E71E6C /* Debug */,
				DE09A1E7225DEB2D00E71E6C /* Release */,
			);
			defaultConfigurationIsVisible = 0;
			defaultConfigurationName = Release;
		};
		DE09A1E8225DEB2D00E71E6C /* Build configuration list for PBXNativeTarget "Quick-pg" */ = {
			isa = XCConfigurationList;
			buildConfigurations = (
				DE09A1E9225DEB2D00E71E6C /* Debug */,
				DE09A1EA225DEB2D00E71E6C /* Release */,
			);
			defaultConfigurationIsVisible = 0;
			defaultConfigurationName = Release;
		};
/* End XCConfigurationList section */
	};
	rootObject = DE09A1CE225DEB2C00E71E6C /* Project object */;
}
